
Microsoft Visual Studio Solution File, Format Version 12.00
# Visual Studio Version 17
VisualStudioVersion = 17.14.36221.1 d17.14
MinimumVisualStudioVersion = 10.0.40219.1
Project("{FAE04EC0-301F-11D3-BF4B-00C04F79EFBC}") = "Barrel", "Barrel\Barrel.csproj", "{F9E65C0F-A11B-449A-92F6-2CEF0ABFEEEE}"
EndProject
Project("{FAE04EC0-301F-11D3-BF4B-00C04F79EFBC}") = "Barrel.Application", "Barrel.Application\Barrel.Application.csproj", "{A22A5D81-35F0-4215-8863-69F1F27A238E}"
EndProject
Project("{FAE04EC0-301F-11D3-BF4B-00C04F79EFBC}") = "Barrel.Domain", "Barrel.Domain\Barrel.Domain.csproj", "{179FCA0E-A5CC-449A-B689-DDEAA6D2F958}"
EndProject
Project("{FAE04EC0-301F-11D3-BF4B-00C04F79EFBC}") = "Barrel.Infrastructure", "Barrel.Infrastructure\Barrel.Infrastructure.csproj", "{B9C5CA20-B14A-47D1-AD17-83F371D05CB5}"
EndProject
Project("{FAE04EC0-301F-11D3-BF4B-00C04F79EFBC}") = "Barrel.Worker", "Barrel.Worker\Barrel.Worker.csproj", "{284A7B4E-9AF3-416B-A84F-4B2429C51DD9}"
EndProject
Global
	GlobalSection(SolutionConfigurationPlatforms) = preSolution
		Debug|Any CPU = Debug|Any CPU
		Release|Any CPU = Release|Any CPU
	EndGlobalSection
	GlobalSection(ProjectConfigurationPlatforms) = postSolution
		{F9E65C0F-A11B-449A-92F6-2CEF0ABFEEEE}.Debug|Any CPU.ActiveCfg = Debug|Any CPU
		{F9E65C0F-A11B-449A-92F6-2CEF0ABFEEEE}.Debug|Any CPU.Build.0 = Debug|Any CPU
		{F9E65C0F-A11B-449A-92F6-2CEF0ABFEEEE}.Release|Any CPU.ActiveCfg = Release|Any CPU
		{F9E65C0F-A11B-449A-92F6-2CEF0ABFEEEE}.Release|Any CPU.Build.0 = Release|Any CPU
		{A22A5D81-35F0-4215-8863-69F1F27A238E}.Debug|Any CPU.ActiveCfg = Debug|Any CPU
		{A22A5D81-35F0-4215-8863-69F1F27A238E}.Debug|Any CPU.Build.0 = Debug|Any CPU
		{A22A5D81-35F0-4215-8863-69F1F27A238E}.Release|Any CPU.ActiveCfg = Release|Any CPU
		{A22A5D81-35F0-4215-8863-69F1F27A238E}.Release|Any CPU.Build.0 = Release|Any CPU
		{179FCA0E-A5CC-449A-B689-DDEAA6D2F958}.Debug|Any CPU.ActiveCfg = Debug|Any CPU
		{179FCA0E-A5CC-449A-B689-DDEAA6D2F958}.Debug|Any CPU.Build.0 = Debug|Any CPU
		{179FCA0E-A5CC-449A-B689-DDEAA6D2F958}.Release|Any CPU.ActiveCfg = Release|Any CPU
		{179FCA0E-A5CC-449A-B689-DDEAA6D2F958}.Release|Any CPU.Build.0 = Release|Any CPU
		{B9C5CA20-B14A-47D1-AD17-83F371D05CB5}.Debug|Any CPU.ActiveCfg = Debug|Any CPU
		{B9C5CA20-B14A-47D1-AD17-83F371D05CB5}.Debug|Any CPU.Build.0 = Debug|Any CPU
		{B9C5CA20-B14A-47D1-AD17-83F371D05CB5}.Release|Any CPU.ActiveCfg = Release|Any CPU
		{B9C5CA20-B14A-47D1-AD17-83F371D05CB5}.Release|Any CPU.Build.0 = Release|Any CPU
		{284A7B4E-9AF3-416B-A84F-4B2429C51DD9}.Debug|Any CPU.ActiveCfg = Debug|Any CPU
		{284A7B4E-9AF3-416B-A84F-4B2429C51DD9}.Debug|Any CPU.Build.0 = Debug|Any CPU
		{284A7B4E-9AF3-416B-A84F-4B2429C51DD9}.Release|Any CPU.ActiveCfg = Release|Any CPU
		{284A7B4E-9AF3-416B-A84F-4B2429C51DD9}.Release|Any CPU.Build.0 = Release|Any CPU
	EndGlobalSection
	GlobalSection(SolutionProperties) = preSolution
		HideSolutionNode = FALSE
	EndGlobalSection
	GlobalSection(ExtensibilityGlobals) = postSolution
		SolutionGuid = {A032CA2C-A1B6-466D-B0C2-00B77A947F63}
	EndGlobalSection
EndGlobal
